
Microsoft Visual Studio Solution File, Format Version 10.00
# Visual Studio 2008
Project("{FAE04EC0-301F-11D3-BF4B-00C04F79EFBC}") = "GettingDataOut", "GettingDataOut\GettingDataOut.csproj", "{CCB1FCD7-4E6F-45A0-8B53-3458E129789E}"
EndProject
Global
	GlobalSection(SolutionConfigurationPlatforms) = preSolution
		Debug|Any CPU = Debug|Any CPU
		Release|Any CPU = Release|Any CPU
	EndGlobalSection
	GlobalSection(ProjectConfigurationPlatforms) = postSolution
		{CCB1FCD7-4E6F-45A0-8B53-3458E129789E}.Debug|Any CPU.ActiveCfg = Debug|Any CPU
		{CCB1FCD7-4E6F-45A0-8B53-3458E129789E}.Debug|Any CPU.Build.0 = Debug|Any CPU
		{CCB1FCD7-4E6F-45A0-8B53-3458E129789E}.Release|Any CPU.ActiveCfg = Release|Any CPU
		{CCB1FCD7-4E6F-45A0-8B53-3458E129789E}.Release|Any CPU.Build.0 = Release|Any CPU
	EndGlobalSection
	GlobalSection(SolutionProperties) = preSolution
		HideSolutionNode = FALSE
	EndGlobalSection
EndGlobal
